// !$*UTF8*$!
{
	archiveVersion = 1;
	classes = {
	};
	objectVersion = 46;
	objects = {

/* Begin PBXBuildFile section */
		D11A2A371E826C1900D5D6B7 /* PickUpLocationViewController.swift in Sources */ = {isa = PBXBuildFile; fileRef = D11A2A361E826C1900D5D6B7 /* PickUpLocationViewController.swift */; };
		D121F65E1E8103AE0049796D /* SideMenuTableViewController.swift in Sources */ = {isa = PBXBuildFile; fileRef = D121F65D1E8103AE0049796D /* SideMenuTableViewController.swift */; };
		D121F6611E81135F0049796D /* ProfileCell.swift in Sources */ = {isa = PBXBuildFile; fileRef = D121F65F1E81135F0049796D /* ProfileCell.swift */; };
		D121F6621E81135F0049796D /* ProfileCell.xib in Resources */ = {isa = PBXBuildFile; fileRef = D121F6601E81135F0049796D /* ProfileCell.xib */; };
		D121F66D1E8114450049796D /* OrderHistoryCell.swift in Sources */ = {isa = PBXBuildFile; fileRef = D121F66B1E8114450049796D /* OrderHistoryCell.swift */; };
		D121F66E1E8114450049796D /* OrderHistoryCell.xib in Resources */ = {isa = PBXBuildFile; fileRef = D121F66C1E8114450049796D /* OrderHistoryCell.xib */; };
		D121F6711E81146C0049796D /* SettingsCell.swift in Sources */ = {isa = PBXBuildFile; fileRef = D121F66F1E81146C0049796D /* SettingsCell.swift */; };
		D121F6721E81146C0049796D /* SettingsCell.xib in Resources */ = {isa = PBXBuildFile; fileRef = D121F6701E81146C0049796D /* SettingsCell.xib */; };
		D121F6741E8122D80049796D /* ProfileViewController.swift in Sources */ = {isa = PBXBuildFile; fileRef = D121F6731E8122D80049796D /* ProfileViewController.swift */; };
		D121F6791E815E1F0049796D /* ProfilePageAddressCell.swift in Sources */ = {isa = PBXBuildFile; fileRef = D121F6771E815E1F0049796D /* ProfilePageAddressCell.swift */; };
		D121F67A1E815E1F0049796D /* ProfilePageAddressCell.xib in Resources */ = {isa = PBXBuildFile; fileRef = D121F6781E815E1F0049796D /* ProfilePageAddressCell.xib */; };
		D121F67D1E815E350049796D /* ProfilePageAddCell.swift in Sources */ = {isa = PBXBuildFile; fileRef = D121F67B1E815E350049796D /* ProfilePageAddCell.swift */; };
		D121F67E1E815E350049796D /* ProfilePageAddCell.xib in Resources */ = {isa = PBXBuildFile; fileRef = D121F67C1E815E350049796D /* ProfilePageAddCell.xib */; };
		D121F6831E81840C0049796D /* SelfPickUpViewController.swift in Sources */ = {isa = PBXBuildFile; fileRef = D121F6821E81840C0049796D /* SelfPickUpViewController.swift */; };
		D121F6851E8185350049796D /* SelfPickUpTableViewCell.swift in Sources */ = {isa = PBXBuildFile; fileRef = D121F6841E8185340049796D /* SelfPickUpTableViewCell.swift */; };
		D12672681E9BA8550011AB98 /* UserCell.swift in Sources */ = {isa = PBXBuildFile; fileRef = D12672671E9BA8550011AB98 /* UserCell.swift */; };
		D126726A1E9BA8650011AB98 /* User.swift in Sources */ = {isa = PBXBuildFile; fileRef = D12672691E9BA8650011AB98 /* User.swift */; };
		D15704F61E969D9A00F59894 /* ChatRoomViewController.swift in Sources */ = {isa = PBXBuildFile; fileRef = D15704F51E969D9A00F59894 /* ChatRoomViewController.swift */; };
		D15704F91E969F6D00F59894 /* ChatListTableViewController.swift in Sources */ = {isa = PBXBuildFile; fileRef = D15704F81E969F6D00F59894 /* ChatListTableViewController.swift */; };
		D1683C241E7FCADE00C9D887 /* DataService.swift in Sources */ = {isa = PBXBuildFile; fileRef = D1683C231E7FCADE00C9D887 /* DataService.swift */; };
		D1683C281E7FD1FD00C9D887 /* SignUpViewController.swift in Sources */ = {isa = PBXBuildFile; fileRef = D1683C271E7FD1FD00C9D887 /* SignUpViewController.swift */; };
		D1683C2B1E8024C500C9D887 /* MainPageViewController.swift in Sources */ = {isa = PBXBuildFile; fileRef = D1683C2A1E8024C500C9D887 /* MainPageViewController.swift */; };
		D178363F1E9CBB4800CF8BCA /* ParentViewController.swift in Sources */ = {isa = PBXBuildFile; fileRef = D178363E1E9CBB4800CF8BCA /* ParentViewController.swift */; };
		D17836431E9E11F900CF8BCA /* MainPageImagesTableViewCell.swift in Sources */ = {isa = PBXBuildFile; fileRef = D17836411E9E11F900CF8BCA /* MainPageImagesTableViewCell.swift */; };
		D17836441E9E11F900CF8BCA /* MainPageImagesTableViewCell.xib in Resources */ = {isa = PBXBuildFile; fileRef = D17836421E9E11F900CF8BCA /* MainPageImagesTableViewCell.xib */; };
		D17836461E9E51AF00CF8BCA /* LoginHandler.swift in Sources */ = {isa = PBXBuildFile; fileRef = D17836451E9E51AF00CF8BCA /* LoginHandler.swift */; };
		D180B9061E7FAFC900AB0DA9 /* AppDelegate.swift in Sources */ = {isa = PBXBuildFile; fileRef = D180B9051E7FAFC900AB0DA9 /* AppDelegate.swift */; };
		D180B9081E7FAFC900AB0DA9 /* LoginViewController.swift in Sources */ = {isa = PBXBuildFile; fileRef = D180B9071E7FAFC900AB0DA9 /* LoginViewController.swift */; };
		D180B90B1E7FAFC900AB0DA9 /* Main.storyboard in Resources */ = {isa = PBXBuildFile; fileRef = D180B9091E7FAFC900AB0DA9 /* Main.storyboard */; };
		D180B90E1E7FAFC900AB0DA9 /* MuscleBeach.xcdatamodeld in Sources */ = {isa = PBXBuildFile; fileRef = D180B90C1E7FAFC900AB0DA9 /* MuscleBeach.xcdatamodeld */; };
		D180B9101E7FAFC900AB0DA9 /* Assets.xcassets in Resources */ = {isa = PBXBuildFile; fileRef = D180B90F1E7FAFC900AB0DA9 /* Assets.xcassets */; };
		D180B9131E7FAFC900AB0DA9 /* LaunchScreen.storyboard in Resources */ = {isa = PBXBuildFile; fileRef = D180B9111E7FAFC900AB0DA9 /* LaunchScreen.storyboard */; };
		D180B91C1E7FB03A00AB0DA9 /* Login.storyboard in Resources */ = {isa = PBXBuildFile; fileRef = D180B91B1E7FB03A00AB0DA9 /* Login.storyboard */; };
		D180B91E1E7FB2F100AB0DA9 /* GoogleService-Info.plist in Resources */ = {isa = PBXBuildFile; fileRef = D180B91D1E7FB2F100AB0DA9 /* GoogleService-Info.plist */; };
		D181C5D71E85179200A5D87B /* MealVariationViewController.swift in Sources */ = {isa = PBXBuildFile; fileRef = D181C5D61E85179200A5D87B /* MealVariationViewController.swift */; };
		D181C5D91E85195400A5D87B /* MealVariTableViewCell.swift in Sources */ = {isa = PBXBuildFile; fileRef = D181C5D81E85195400A5D87B /* MealVariTableViewCell.swift */; };
		D181C5DB1E85FE4300A5D87B /* ReorderViewController.swift in Sources */ = {isa = PBXBuildFile; fileRef = D181C5DA1E85FE4300A5D87B /* ReorderViewController.swift */; };
		D181C5E11E86BB7B00A5D87B /* OrderDetailViewController.swift in Sources */ = {isa = PBXBuildFile; fileRef = D181C5E01E86BB7B00A5D87B /* OrderDetailViewController.swift */; };
		D181C5E31E86BB9800A5D87B /* OrderDetailTableViewCell.swift in Sources */ = {isa = PBXBuildFile; fileRef = D181C5E21E86BB9800A5D87B /* OrderDetailTableViewCell.swift */; };
		D18ACC011E99EB8900B4F714 /* Message.swift in Sources */ = {isa = PBXBuildFile; fileRef = D18ACC001E99EB8900B4F714 /* Message.swift */; };
		D18ACC031E99ED6500B4F714 /* ChatMessageCell.swift in Sources */ = {isa = PBXBuildFile; fileRef = D18ACC021E99ED6500B4F714 /* ChatMessageCell.swift */; };
		D1A0BE291E8A66E800F4D36B /* ShoppingCartViewController.swift in Sources */ = {isa = PBXBuildFile; fileRef = D1A0BE281E8A66E800F4D36B /* ShoppingCartViewController.swift */; };
		D1A0BE2B1E8A684700F4D36B /* ShoppingCartTableViewCell.swift in Sources */ = {isa = PBXBuildFile; fileRef = D1A0BE2A1E8A684700F4D36B /* ShoppingCartTableViewCell.swift */; };
		D1A0BE2D1E8B954500F4D36B /* OrderModel.swift in Sources */ = {isa = PBXBuildFile; fileRef = D1A0BE2C1E8B954500F4D36B /* OrderModel.swift */; };
		D1A0BE331E8CB1AE00F4D36B /* PopoverViewController.swift in Sources */ = {isa = PBXBuildFile; fileRef = D1A0BE321E8CB1AE00F4D36B /* PopoverViewController.swift */; };
		D1A0BE351E8FD63C00F4D36B /* NewOrderTest.swift in Sources */ = {isa = PBXBuildFile; fileRef = D1A0BE341E8FD63C00F4D36B /* NewOrderTest.swift */; };
		D1A0BE371E8FFEC300F4D36B /* DigitINfoViewController.swift in Sources */ = {isa = PBXBuildFile; fileRef = D1A0BE361E8FFEC300F4D36B /* DigitINfoViewController.swift */; };
		D1A0BE3B1E90B11700F4D36B /* ReorderModel.swift in Sources */ = {isa = PBXBuildFile; fileRef = D1A0BE3A1E90B11700F4D36B /* ReorderModel.swift */; };
		D1A0BE3D1E90BDFA00F4D36B /* PopUpReorderCalendarViewController.swift in Sources */ = {isa = PBXBuildFile; fileRef = D1A0BE3C1E90BDFA00F4D36B /* PopUpReorderCalendarViewController.swift */; };
		D1A0BE611E93954300F4D36B /* EatTogetherViewController.swift in Sources */ = {isa = PBXBuildFile; fileRef = D1A0BE601E93954300F4D36B /* EatTogetherViewController.swift */; };
		D1A0BE631E93E71500F4D36B /* EatTogetherTableViewCell.swift in Sources */ = {isa = PBXBuildFile; fileRef = D1A0BE621E93E71500F4D36B /* EatTogetherTableViewCell.swift */; };
		D1A0BE651E93E7C100F4D36B /* EatTogetherModel.swift in Sources */ = {isa = PBXBuildFile; fileRef = D1A0BE641E93E7C100F4D36B /* EatTogetherModel.swift */; };
		D1D36CB81EA07F9000F4E01F /* AddressModel.swift in Sources */ = {isa = PBXBuildFile; fileRef = D1D36CB71EA07F9000F4E01F /* AddressModel.swift */; };
		D1D36CBB1EA2106D00F4E01F /* PriceAccountingTableViewCell.swift in Sources */ = {isa = PBXBuildFile; fileRef = D1D36CB91EA2106D00F4E01F /* PriceAccountingTableViewCell.swift */; };
		D1D36CBC1EA2106D00F4E01F /* PriceAccountingTableViewCell.xib in Resources */ = {isa = PBXBuildFile; fileRef = D1D36CBA1EA2106D00F4E01F /* PriceAccountingTableViewCell.xib */; };
		D1D36CBE1EA3352400F4E01F /* ShoppingCartDetailViewController.swift in Sources */ = {isa = PBXBuildFile; fileRef = D1D36CBD1EA3352400F4E01F /* ShoppingCartDetailViewController.swift */; };
		D1E211EB1E88FBEE0006B849 /* ConfirmDeliverAdViewController.swift in Sources */ = {isa = PBXBuildFile; fileRef = D1E211EA1E88FBEE0006B849 /* ConfirmDeliverAdViewController.swift */; };
		D1E211EE1E8909920006B849 /* SingleOrderViewController.swift in Sources */ = {isa = PBXBuildFile; fileRef = D1E211ED1E8909920006B849 /* SingleOrderViewController.swift */; };
		D1E211F01E8909B00006B849 /* SingleOrderTableViewCell.swift in Sources */ = {isa = PBXBuildFile; fileRef = D1E211EF1E8909AF0006B849 /* SingleOrderTableViewCell.swift */; };
		D1E211F21E891BE60006B849 /* WeekMenuSelectionViewController.swift in Sources */ = {isa = PBXBuildFile; fileRef = D1E211F11E891BDB0006B849 /* WeekMenuSelectionViewController.swift */; };
		D1F45A741E9F1CD300490B4F /* Extensions.swift in Sources */ = {isa = PBXBuildFile; fileRef = D1F45A731E9F1CD300490B4F /* Extensions.swift */; };
		D1F45AB01E9F7D0400490B4F /* SecondTableViewCell.swift in Sources */ = {isa = PBXBuildFile; fileRef = D1F45AAE1E9F7D0400490B4F /* SecondTableViewCell.swift */; };
		D1F45AB11E9F7D0400490B4F /* SecondTableViewCell.xib in Resources */ = {isa = PBXBuildFile; fileRef = D1F45AAF1E9F7D0400490B4F /* SecondTableViewCell.xib */; };
		D1F45AB41E9F7D1500490B4F /* ThirdTableViewCell.swift in Sources */ = {isa = PBXBuildFile; fileRef = D1F45AB21E9F7D1500490B4F /* ThirdTableViewCell.swift */; };
		D1F45AB51E9F7D1500490B4F /* ThirdTableViewCell.xib in Resources */ = {isa = PBXBuildFile; fileRef = D1F45AB31E9F7D1500490B4F /* ThirdTableViewCell.xib */; };
		D1F45AB71E9F806900490B4F /* MainCollectionViewController.swift in Sources */ = {isa = PBXBuildFile; fileRef = D1F45AB61E9F806900490B4F /* MainCollectionViewController.swift */; };
		D1F45ABB1E9F84EC00490B4F /* FirstCollectionViewCell.swift in Sources */ = {isa = PBXBuildFile; fileRef = D1F45AB91E9F84EC00490B4F /* FirstCollectionViewCell.swift */; };
		D1F45ABC1E9F84EC00490B4F /* FirstCollectionViewCell.xib in Resources */ = {isa = PBXBuildFile; fileRef = D1F45ABA1E9F84EC00490B4F /* FirstCollectionViewCell.xib */; };
		D1F45ABF1E9F850100490B4F /* SecondCollectionViewCell.swift in Sources */ = {isa = PBXBuildFile; fileRef = D1F45ABD1E9F850100490B4F /* SecondCollectionViewCell.swift */; };
		D1F45AC01E9F850100490B4F /* SecondCollectionViewCell.xib in Resources */ = {isa = PBXBuildFile; fileRef = D1F45ABE1E9F850100490B4F /* SecondCollectionViewCell.xib */; };
		D1F4FDE21E8370AA001233FA /* CellView.xib in Resources */ = {isa = PBXBuildFile; fileRef = D1F4FDE11E8370AA001233FA /* CellView.xib */; };
		D1F4FDE41E83710F001233FA /* CellView.swift in Sources */ = {isa = PBXBuildFile; fileRef = D1F4FDE31E83710F001233FA /* CellView.swift */; };
		D1F4FDE61E837176001233FA /* CalendarViewController.swift in Sources */ = {isa = PBXBuildFile; fileRef = D1F4FDE51E837176001233FA /* CalendarViewController.swift */; };
		FFC1E6A5E02CDF738FBE4685 /* Pods_MuscleBeach.framework in Frameworks */ = {isa = PBXBuildFile; fileRef = 53828CBFA9D569BFD84F0A67 /* Pods_MuscleBeach.framework */; };
/* End PBXBuildFile section */

/* Begin PBXFileReference section */
		053EDA45175F6F6844BC8E30 /* Pods-MuscleBeach.release.xcconfig */ = {isa = PBXFileReference; includeInIndex = 1; lastKnownFileType = text.xcconfig; name = "Pods-MuscleBeach.release.xcconfig"; path = "Pods/Target Support Files/Pods-MuscleBeach/Pods-MuscleBeach.release.xcconfig"; sourceTree = "<group>"; };
		452A96E7E9CB468151246D7E /* Pods-MuscleBeach.debug.xcconfig */ = {isa = PBXFileReference; includeInIndex = 1; lastKnownFileType = text.xcconfig; name = "Pods-MuscleBeach.debug.xcconfig"; path = "Pods/Target Support Files/Pods-MuscleBeach/Pods-MuscleBeach.debug.xcconfig"; sourceTree = "<group>"; };
		53828CBFA9D569BFD84F0A67 /* Pods_MuscleBeach.framework */ = {isa = PBXFileReference; explicitFileType = wrapper.framework; includeInIndex = 0; path = Pods_MuscleBeach.framework; sourceTree = BUILT_PRODUCTS_DIR; };
		D11A2A361E826C1900D5D6B7 /* PickUpLocationViewController.swift */ = {isa = PBXFileReference; fileEncoding = 4; lastKnownFileType = sourcecode.swift; path = PickUpLocationViewController.swift; sourceTree = "<group>"; };
		D121F65D1E8103AE0049796D /* SideMenuTableViewController.swift */ = {isa = PBXFileReference; fileEncoding = 4; lastKnownFileType = sourcecode.swift; path = SideMenuTableViewController.swift; sourceTree = "<group>"; };
		D121F65F1E81135F0049796D /* ProfileCell.swift */ = {isa = PBXFileReference; fileEncoding = 4; lastKnownFileType = sourcecode.swift; path = ProfileCell.swift; sourceTree = "<group>"; };
		D121F6601E81135F0049796D /* ProfileCell.xib */ = {isa = PBXFileReference; fileEncoding = 4; lastKnownFileType = file.xib; path = ProfileCell.xib; sourceTree = "<group>"; };
		D121F66B1E8114450049796D /* OrderHistoryCell.swift */ = {isa = PBXFileReference; fileEncoding = 4; lastKnownFileType = sourcecode.swift; path = OrderHistoryCell.swift; sourceTree = "<group>"; };
		D121F66C1E8114450049796D /* OrderHistoryCell.xib */ = {isa = PBXFileReference; fileEncoding = 4; lastKnownFileType = file.xib; path = OrderHistoryCell.xib; sourceTree = "<group>"; };
		D121F66F1E81146C0049796D /* SettingsCell.swift */ = {isa = PBXFileReference; fileEncoding = 4; lastKnownFileType = sourcecode.swift; path = SettingsCell.swift; sourceTree = "<group>"; };
		D121F6701E81146C0049796D /* SettingsCell.xib */ = {isa = PBXFileReference; fileEncoding = 4; lastKnownFileType = file.xib; path = SettingsCell.xib; sourceTree = "<group>"; };
		D121F6731E8122D80049796D /* ProfileViewController.swift */ = {isa = PBXFileReference; fileEncoding = 4; lastKnownFileType = sourcecode.swift; path = ProfileViewController.swift; sourceTree = "<group>"; };
		D121F6771E815E1F0049796D /* ProfilePageAddressCell.swift */ = {isa = PBXFileReference; fileEncoding = 4; lastKnownFileType = sourcecode.swift; path = ProfilePageAddressCell.swift; sourceTree = "<group>"; };
		D121F6781E815E1F0049796D /* ProfilePageAddressCell.xib */ = {isa = PBXFileReference; fileEncoding = 4; lastKnownFileType = file.xib; path = ProfilePageAddressCell.xib; sourceTree = "<group>"; };
		D121F67B1E815E350049796D /* ProfilePageAddCell.swift */ = {isa = PBXFileReference; fileEncoding = 4; lastKnownFileType = sourcecode.swift; path = ProfilePageAddCell.swift; sourceTree = "<group>"; };
		D121F67C1E815E350049796D /* ProfilePageAddCell.xib */ = {isa = PBXFileReference; fileEncoding = 4; lastKnownFileType = file.xib; path = ProfilePageAddCell.xib; sourceTree = "<group>"; };
		D121F6821E81840C0049796D /* SelfPickUpViewController.swift */ = {isa = PBXFileReference; fileEncoding = 4; lastKnownFileType = sourcecode.swift; path = SelfPickUpViewController.swift; sourceTree = "<group>"; };
		D121F6841E8185340049796D /* SelfPickUpTableViewCell.swift */ = {isa = PBXFileReference; fileEncoding = 4; lastKnownFileType = sourcecode.swift; path = SelfPickUpTableViewCell.swift; sourceTree = "<group>"; };
		D12672671E9BA8550011AB98 /* UserCell.swift */ = {isa = PBXFileReference; fileEncoding = 4; lastKnownFileType = sourcecode.swift; path = UserCell.swift; sourceTree = "<group>"; };
		D12672691E9BA8650011AB98 /* User.swift */ = {isa = PBXFileReference; fileEncoding = 4; lastKnownFileType = sourcecode.swift; path = User.swift; sourceTree = "<group>"; };
		D15704F51E969D9A00F59894 /* ChatRoomViewController.swift */ = {isa = PBXFileReference; fileEncoding = 4; lastKnownFileType = sourcecode.swift; path = ChatRoomViewController.swift; sourceTree = "<group>"; };
		D15704F81E969F6D00F59894 /* ChatListTableViewController.swift */ = {isa = PBXFileReference; fileEncoding = 4; lastKnownFileType = sourcecode.swift; path = ChatListTableViewController.swift; sourceTree = "<group>"; };
		D1683C231E7FCADE00C9D887 /* DataService.swift */ = {isa = PBXFileReference; fileEncoding = 4; lastKnownFileType = sourcecode.swift; path = DataService.swift; sourceTree = "<group>"; };
		D1683C271E7FD1FD00C9D887 /* SignUpViewController.swift */ = {isa = PBXFileReference; fileEncoding = 4; lastKnownFileType = sourcecode.swift; path = SignUpViewController.swift; sourceTree = "<group>"; };
		D1683C291E801C7E00C9D887 /* MuscleBeach.entitlements */ = {isa = PBXFileReference; lastKnownFileType = text.plist.entitlements; path = MuscleBeach.entitlements; sourceTree = "<group>"; };
		D1683C2A1E8024C500C9D887 /* MainPageViewController.swift */ = {isa = PBXFileReference; fileEncoding = 4; lastKnownFileType = sourcecode.swift; path = MainPageViewController.swift; sourceTree = "<group>"; };
		D178363E1E9CBB4800CF8BCA /* ParentViewController.swift */ = {isa = PBXFileReference; fileEncoding = 4; lastKnownFileType = sourcecode.swift; path = ParentViewController.swift; sourceTree = "<group>"; };
		D17836411E9E11F900CF8BCA /* MainPageImagesTableViewCell.swift */ = {isa = PBXFileReference; fileEncoding = 4; lastKnownFileType = sourcecode.swift; path = MainPageImagesTableViewCell.swift; sourceTree = "<group>"; };
		D17836421E9E11F900CF8BCA /* MainPageImagesTableViewCell.xib */ = {isa = PBXFileReference; fileEncoding = 4; lastKnownFileType = file.xib; path = MainPageImagesTableViewCell.xib; sourceTree = "<group>"; };
		D17836451E9E51AF00CF8BCA /* LoginHandler.swift */ = {isa = PBXFileReference; fileEncoding = 4; lastKnownFileType = sourcecode.swift; path = LoginHandler.swift; sourceTree = "<group>"; };
		D180B9021E7FAFC900AB0DA9 /* MuscleBeach.app */ = {isa = PBXFileReference; explicitFileType = wrapper.application; includeInIndex = 0; path = MuscleBeach.app; sourceTree = BUILT_PRODUCTS_DIR; };
		D180B9051E7FAFC900AB0DA9 /* AppDelegate.swift */ = {isa = PBXFileReference; lastKnownFileType = sourcecode.swift; path = AppDelegate.swift; sourceTree = "<group>"; };
		D180B9071E7FAFC900AB0DA9 /* LoginViewController.swift */ = {isa = PBXFileReference; lastKnownFileType = sourcecode.swift; path = LoginViewController.swift; sourceTree = "<group>"; };
		D180B90A1E7FAFC900AB0DA9 /* Base */ = {isa = PBXFileReference; lastKnownFileType = file.storyboard; name = Base; path = Base.lproj/Main.storyboard; sourceTree = "<group>"; };
		D180B90D1E7FAFC900AB0DA9 /* MuscleBeach.xcdatamodel */ = {isa = PBXFileReference; lastKnownFileType = wrapper.xcdatamodel; path = MuscleBeach.xcdatamodel; sourceTree = "<group>"; };
		D180B90F1E7FAFC900AB0DA9 /* Assets.xcassets */ = {isa = PBXFileReference; lastKnownFileType = folder.assetcatalog; path = Assets.xcassets; sourceTree = "<group>"; };
		D180B9121E7FAFC900AB0DA9 /* Base */ = {isa = PBXFileReference; lastKnownFileType = file.storyboard; name = Base; path = Base.lproj/LaunchScreen.storyboard; sourceTree = "<group>"; };
		D180B9141E7FAFC900AB0DA9 /* Info.plist */ = {isa = PBXFileReference; lastKnownFileType = text.plist.xml; path = Info.plist; sourceTree = "<group>"; };
		D180B91B1E7FB03A00AB0DA9 /* Login.storyboard */ = {isa = PBXFileReference; fileEncoding = 4; lastKnownFileType = file.storyboard; path = Login.storyboard; sourceTree = "<group>"; };
		D180B91D1E7FB2F100AB0DA9 /* GoogleService-Info.plist */ = {isa = PBXFileReference; fileEncoding = 4; lastKnownFileType = text.plist.xml; path = "GoogleService-Info.plist"; sourceTree = "<group>"; };
		D181C5D61E85179200A5D87B /* MealVariationViewController.swift */ = {isa = PBXFileReference; fileEncoding = 4; lastKnownFileType = sourcecode.swift; path = MealVariationViewController.swift; sourceTree = "<group>"; };
		D181C5D81E85195400A5D87B /* MealVariTableViewCell.swift */ = {isa = PBXFileReference; fileEncoding = 4; lastKnownFileType = sourcecode.swift; path = MealVariTableViewCell.swift; sourceTree = "<group>"; };
		D181C5DA1E85FE4300A5D87B /* ReorderViewController.swift */ = {isa = PBXFileReference; fileEncoding = 4; lastKnownFileType = sourcecode.swift; path = ReorderViewController.swift; sourceTree = "<group>"; };
		D181C5E01E86BB7B00A5D87B /* OrderDetailViewController.swift */ = {isa = PBXFileReference; fileEncoding = 4; lastKnownFileType = sourcecode.swift; path = OrderDetailViewController.swift; sourceTree = "<group>"; };
		D181C5E21E86BB9800A5D87B /* OrderDetailTableViewCell.swift */ = {isa = PBXFileReference; fileEncoding = 4; lastKnownFileType = sourcecode.swift; path = OrderDetailTableViewCell.swift; sourceTree = "<group>"; };
		D18ACC001E99EB8900B4F714 /* Message.swift */ = {isa = PBXFileReference; fileEncoding = 4; lastKnownFileType = sourcecode.swift; path = Message.swift; sourceTree = "<group>"; };
		D18ACC021E99ED6500B4F714 /* ChatMessageCell.swift */ = {isa = PBXFileReference; fileEncoding = 4; lastKnownFileType = sourcecode.swift; path = ChatMessageCell.swift; sourceTree = "<group>"; };
		D1A0BE281E8A66E800F4D36B /* ShoppingCartViewController.swift */ = {isa = PBXFileReference; fileEncoding = 4; lastKnownFileType = sourcecode.swift; path = ShoppingCartViewController.swift; sourceTree = "<group>"; };
		D1A0BE2A1E8A684700F4D36B /* ShoppingCartTableViewCell.swift */ = {isa = PBXFileReference; fileEncoding = 4; lastKnownFileType = sourcecode.swift; path = ShoppingCartTableViewCell.swift; sourceTree = "<group>"; };
		D1A0BE2C1E8B954500F4D36B /* OrderModel.swift */ = {isa = PBXFileReference; fileEncoding = 4; lastKnownFileType = sourcecode.swift; path = OrderModel.swift; sourceTree = "<group>"; };
		D1A0BE321E8CB1AE00F4D36B /* PopoverViewController.swift */ = {isa = PBXFileReference; fileEncoding = 4; lastKnownFileType = sourcecode.swift; path = PopoverViewController.swift; sourceTree = "<group>"; };
		D1A0BE341E8FD63C00F4D36B /* NewOrderTest.swift */ = {isa = PBXFileReference; fileEncoding = 4; lastKnownFileType = sourcecode.swift; path = NewOrderTest.swift; sourceTree = "<group>"; };
		D1A0BE361E8FFEC300F4D36B /* DigitINfoViewController.swift */ = {isa = PBXFileReference; fileEncoding = 4; lastKnownFileType = sourcecode.swift; path = DigitINfoViewController.swift; sourceTree = "<group>"; };
		D1A0BE3A1E90B11700F4D36B /* ReorderModel.swift */ = {isa = PBXFileReference; fileEncoding = 4; lastKnownFileType = sourcecode.swift; path = ReorderModel.swift; sourceTree = "<group>"; };
		D1A0BE3C1E90BDFA00F4D36B /* PopUpReorderCalendarViewController.swift */ = {isa = PBXFileReference; fileEncoding = 4; lastKnownFileType = sourcecode.swift; path = PopUpReorderCalendarViewController.swift; sourceTree = "<group>"; };
		D1A0BE601E93954300F4D36B /* EatTogetherViewController.swift */ = {isa = PBXFileReference; fileEncoding = 4; lastKnownFileType = sourcecode.swift; path = EatTogetherViewController.swift; sourceTree = "<group>"; };
		D1A0BE621E93E71500F4D36B /* EatTogetherTableViewCell.swift */ = {isa = PBXFileReference; fileEncoding = 4; lastKnownFileType = sourcecode.swift; path = EatTogetherTableViewCell.swift; sourceTree = "<group>"; };
		D1A0BE641E93E7C100F4D36B /* EatTogetherModel.swift */ = {isa = PBXFileReference; fileEncoding = 4; lastKnownFileType = sourcecode.swift; path = EatTogetherModel.swift; sourceTree = "<group>"; };
		D1D36CB71EA07F9000F4E01F /* AddressModel.swift */ = {isa = PBXFileReference; fileEncoding = 4; lastKnownFileType = sourcecode.swift; path = AddressModel.swift; sourceTree = "<group>"; };
		D1D36CB91EA2106D00F4E01F /* PriceAccountingTableViewCell.swift */ = {isa = PBXFileReference; fileEncoding = 4; lastKnownFileType = sourcecode.swift; path = PriceAccountingTableViewCell.swift; sourceTree = "<group>"; };
		D1D36CBA1EA2106D00F4E01F /* PriceAccountingTableViewCell.xib */ = {isa = PBXFileReference; fileEncoding = 4; lastKnownFileType = file.xib; path = PriceAccountingTableViewCell.xib; sourceTree = "<group>"; };
		D1D36CBD1EA3352400F4E01F /* ShoppingCartDetailViewController.swift */ = {isa = PBXFileReference; fileEncoding = 4; lastKnownFileType = sourcecode.swift; path = ShoppingCartDetailViewController.swift; sourceTree = "<group>"; };
		D1E211EA1E88FBEE0006B849 /* ConfirmDeliverAdViewController.swift */ = {isa = PBXFileReference; fileEncoding = 4; lastKnownFileType = sourcecode.swift; path = ConfirmDeliverAdViewController.swift; sourceTree = "<group>"; };
		D1E211ED1E8909920006B849 /* SingleOrderViewController.swift */ = {isa = PBXFileReference; fileEncoding = 4; lastKnownFileType = sourcecode.swift; path = SingleOrderViewController.swift; sourceTree = "<group>"; };
		D1E211EF1E8909AF0006B849 /* SingleOrderTableViewCell.swift */ = {isa = PBXFileReference; fileEncoding = 4; lastKnownFileType = sourcecode.swift; path = SingleOrderTableViewCell.swift; sourceTree = "<group>"; };
		D1E211F11E891BDB0006B849 /* WeekMenuSelectionViewController.swift */ = {isa = PBXFileReference; fileEncoding = 4; lastKnownFileType = sourcecode.swift; path = WeekMenuSelectionViewController.swift; sourceTree = "<group>"; };
		D1F45A731E9F1CD300490B4F /* Extensions.swift */ = {isa = PBXFileReference; fileEncoding = 4; lastKnownFileType = sourcecode.swift; path = Extensions.swift; sourceTree = "<group>"; };
		D1F45AAE1E9F7D0400490B4F /* SecondTableViewCell.swift */ = {isa = PBXFileReference; fileEncoding = 4; lastKnownFileType = sourcecode.swift; path = SecondTableViewCell.swift; sourceTree = "<group>"; };
		D1F45AAF1E9F7D0400490B4F /* SecondTableViewCell.xib */ = {isa = PBXFileReference; fileEncoding = 4; lastKnownFileType = file.xib; path = SecondTableViewCell.xib; sourceTree = "<group>"; };
		D1F45AB21E9F7D1500490B4F /* ThirdTableViewCell.swift */ = {isa = PBXFileReference; fileEncoding = 4; lastKnownFileType = sourcecode.swift; path = ThirdTableViewCell.swift; sourceTree = "<group>"; };
		D1F45AB31E9F7D1500490B4F /* ThirdTableViewCell.xib */ = {isa = PBXFileReference; fileEncoding = 4; lastKnownFileType = file.xib; path = ThirdTableViewCell.xib; sourceTree = "<group>"; };
		D1F45AB61E9F806900490B4F /* MainCollectionViewController.swift */ = {isa = PBXFileReference; fileEncoding = 4; lastKnownFileType = sourcecode.swift; path = MainCollectionViewController.swift; sourceTree = "<group>"; };
		D1F45AB91E9F84EC00490B4F /* FirstCollectionViewCell.swift */ = {isa = PBXFileReference; fileEncoding = 4; lastKnownFileType = sourcecode.swift; path = FirstCollectionViewCell.swift; sourceTree = "<group>"; };
		D1F45ABA1E9F84EC00490B4F /* FirstCollectionViewCell.xib */ = {isa = PBXFileReference; fileEncoding = 4; lastKnownFileType = file.xib; path = FirstCollectionViewCell.xib; sourceTree = "<group>"; };
		D1F45ABD1E9F850100490B4F /* SecondCollectionViewCell.swift */ = {isa = PBXFileReference; fileEncoding = 4; lastKnownFileType = sourcecode.swift; path = SecondCollectionViewCell.swift; sourceTree = "<group>"; };
		D1F45ABE1E9F850100490B4F /* SecondCollectionViewCell.xib */ = {isa = PBXFileReference; fileEncoding = 4; lastKnownFileType = file.xib; path = SecondCollectionViewCell.xib; sourceTree = "<group>"; };
		D1F4FDE11E8370AA001233FA /* CellView.xib */ = {isa = PBXFileReference; fileEncoding = 4; lastKnownFileType = file.xib; path = CellView.xib; sourceTree = "<group>"; };
		D1F4FDE31E83710F001233FA /* CellView.swift */ = {isa = PBXFileReference; fileEncoding = 4; lastKnownFileType = sourcecode.swift; path = CellView.swift; sourceTree = "<group>"; };
		D1F4FDE51E837176001233FA /* CalendarViewController.swift */ = {isa = PBXFileReference; fileEncoding = 4; lastKnownFileType = sourcecode.swift; path = CalendarViewController.swift; sourceTree = "<group>"; };
/* End PBXFileReference section */

/* Begin PBXFrameworksBuildPhase section */
		D180B8FF1E7FAFC900AB0DA9 /* Frameworks */ = {
			isa = PBXFrameworksBuildPhase;
			buildActionMask = 2147483647;
			files = (
				FFC1E6A5E02CDF738FBE4685 /* Pods_MuscleBeach.framework in Frameworks */,
			);
			runOnlyForDeploymentPostprocessing = 0;
		};
/* End PBXFrameworksBuildPhase section */

/* Begin PBXGroup section */
		27D761F5F9B8AE4271468DDF /* Frameworks */ = {
			isa = PBXGroup;
			children = (
				53828CBFA9D569BFD84F0A67 /* Pods_MuscleBeach.framework */,
			);
			name = Frameworks;
			sourceTree = "<group>";
		};
		4CD5C32B3FBBF758C67B81C8 /* Pods */ = {
			isa = PBXGroup;
			children = (
				452A96E7E9CB468151246D7E /* Pods-MuscleBeach.debug.xcconfig */,
				053EDA45175F6F6844BC8E30 /* Pods-MuscleBeach.release.xcconfig */,
			);
			name = Pods;
			sourceTree = "<group>";
		};
		D121F67F1E817D870049796D /* ProfilePage */ = {
			isa = PBXGroup;
			children = (
				D121F6731E8122D80049796D /* ProfileViewController.swift */,
				D17836451E9E51AF00CF8BCA /* LoginHandler.swift */,
				D121F6771E815E1F0049796D /* ProfilePageAddressCell.swift */,
				D121F6781E815E1F0049796D /* ProfilePageAddressCell.xib */,
				D121F67B1E815E350049796D /* ProfilePageAddCell.swift */,
				D121F67C1E815E350049796D /* ProfilePageAddCell.xib */,
			);
			name = ProfilePage;
			sourceTree = "<group>";
		};
		D121F6811E817DB90049796D /* Side Menu */ = {
			isa = PBXGroup;
			children = (
				D121F65F1E81135F0049796D /* ProfileCell.swift */,
				D121F6601E81135F0049796D /* ProfileCell.xib */,
				D121F66B1E8114450049796D /* OrderHistoryCell.swift */,
				D121F66C1E8114450049796D /* OrderHistoryCell.xib */,
			);
			name = "Side Menu";
			sourceTree = "<group>";
		};
		D121F6861E8185440049796D /* SelfPickUp */ = {
			isa = PBXGroup;
			children = (
				D121F6821E81840C0049796D /* SelfPickUpViewController.swift */,
				D121F6841E8185340049796D /* SelfPickUpTableViewCell.swift */,
				D11A2A361E826C1900D5D6B7 /* PickUpLocationViewController.swift */,
			);
			name = SelfPickUp;
			sourceTree = "<group>";
		};
		D15704F41E969D6900F59894 /* ChatRoom */ = {
			isa = PBXGroup;
			children = (
				D15704F51E969D9A00F59894 /* ChatRoomViewController.swift */,
				D18ACC001E99EB8900B4F714 /* Message.swift */,
				D18ACC021E99ED6500B4F714 /* ChatMessageCell.swift */,
			);
			name = ChatRoom;
			sourceTree = "<group>";
		};
		D15704F71E969F5200F59894 /* ChatList */ = {
			isa = PBXGroup;
			children = (
				D12672691E9BA8650011AB98 /* User.swift */,
				D15704F81E969F6D00F59894 /* ChatListTableViewController.swift */,
				D12672671E9BA8550011AB98 /* UserCell.swift */,
			);
			name = ChatList;
			sourceTree = "<group>";
		};
		D1683C211E7FBF8D00C9D887 /* Controller */ = {
			isa = PBXGroup;
			children = (
				D1F45A731E9F1CD300490B4F /* Extensions.swift */,
				D15704F71E969F5200F59894 /* ChatList */,
				D15704F41E969D6900F59894 /* ChatRoom */,
				D1A0BE5F1E93950B00F4D36B /* EatTogether */,
				D1A0BE271E8A66CE00F4D36B /* shoppingCart */,
				D1E211EC1E8909700006B849 /* SingleOrderPAge */,
				D181C5D51E85177500A5D87B /* MealVariation */,
				D1F4FDE01E83708F001233FA /* Calendar */,
				D121F67F1E817D870049796D /* ProfilePage */,
				D121F6811E817DB90049796D /* Side Menu */,
				D121F6861E8185440049796D /* SelfPickUp */,
				D181C5DC1E861E6800A5D87B /* CheckOrder */,
				D181C5DF1E86BB5C00A5D87B /* CheckOrderDetail */,
				D17836401E9E0F9600CF8BCA /* MainPage */,
				D178363E1E9CBB4800CF8BCA /* ParentViewController.swift */,
				D1683C271E7FD1FD00C9D887 /* SignUpViewController.swift */,
				D180B9071E7FAFC900AB0DA9 /* LoginViewController.swift */,
				D1E211F11E891BDB0006B849 /* WeekMenuSelectionViewController.swift */,
				D1E211EA1E88FBEE0006B849 /* ConfirmDeliverAdViewController.swift */,
				D121F65D1E8103AE0049796D /* SideMenuTableViewController.swift */,
				D121F66F1E81146C0049796D /* SettingsCell.swift */,
				D121F6701E81146C0049796D /* SettingsCell.xib */,
			);
			name = Controller;
			sourceTree = "<group>";
		};
		D1683C221E7FBF9600C9D887 /* Model */ = {
			isa = PBXGroup;
			children = (
				D1683C231E7FCADE00C9D887 /* DataService.swift */,
				D1A0BE2C1E8B954500F4D36B /* OrderModel.swift */,
				D1A0BE341E8FD63C00F4D36B /* NewOrderTest.swift */,
				D1A0BE3A1E90B11700F4D36B /* ReorderModel.swift */,
				D1A0BE641E93E7C100F4D36B /* EatTogetherModel.swift */,
				D1D36CB71EA07F9000F4E01F /* AddressModel.swift */,
			);
			name = Model;
			sourceTree = "<group>";
		};
		D17836401E9E0F9600CF8BCA /* MainPage */ = {
			isa = PBXGroup;
			children = (
				D1683C2A1E8024C500C9D887 /* MainPageViewController.swift */,
				D17836421E9E11F900CF8BCA /* MainPageImagesTableViewCell.xib */,
				D17836411E9E11F900CF8BCA /* MainPageImagesTableViewCell.swift */,
				D1F45AAE1E9F7D0400490B4F /* SecondTableViewCell.swift */,
				D1F45AB21E9F7D1500490B4F /* ThirdTableViewCell.swift */,
				D1F45AB81E9F84C700490B4F /* collectionView */,
				D1F45AAF1E9F7D0400490B4F /* SecondTableViewCell.xib */,
				D1F45AB31E9F7D1500490B4F /* ThirdTableViewCell.xib */,
			);
			name = MainPage;
			sourceTree = "<group>";
		};
		D180B8F91E7FAFC900AB0DA9 = {
			isa = PBXGroup;
			children = (
				D180B9041E7FAFC900AB0DA9 /* MuscleBeach */,
				D180B9031E7FAFC900AB0DA9 /* Products */,
				4CD5C32B3FBBF758C67B81C8 /* Pods */,
				27D761F5F9B8AE4271468DDF /* Frameworks */,
			);
			sourceTree = "<group>";
		};
		D180B9031E7FAFC900AB0DA9 /* Products */ = {
			isa = PBXGroup;
			children = (
				D180B9021E7FAFC900AB0DA9 /* MuscleBeach.app */,
			);
			name = Products;
			sourceTree = "<group>";
		};
		D180B9041E7FAFC900AB0DA9 /* MuscleBeach */ = {
			isa = PBXGroup;
			children = (
				D1683C291E801C7E00C9D887 /* MuscleBeach.entitlements */,
				D1683C221E7FBF9600C9D887 /* Model */,
				D1683C211E7FBF8D00C9D887 /* Controller */,
				D180B91A1E7FB01500AB0DA9 /* StoryBoard */,
				D180B9051E7FAFC900AB0DA9 /* AppDelegate.swift */,
				D180B90F1E7FAFC900AB0DA9 /* Assets.xcassets */,
				D180B9111E7FAFC900AB0DA9 /* LaunchScreen.storyboard */,
				D180B91D1E7FB2F100AB0DA9 /* GoogleService-Info.plist */,
				D180B9141E7FAFC900AB0DA9 /* Info.plist */,
				D180B90C1E7FAFC900AB0DA9 /* MuscleBeach.xcdatamodeld */,
			);
			path = MuscleBeach;
			sourceTree = "<group>";
		};
		D180B91A1E7FB01500AB0DA9 /* StoryBoard */ = {
			isa = PBXGroup;
			children = (
				D180B9091E7FAFC900AB0DA9 /* Main.storyboard */,
				D180B91B1E7FB03A00AB0DA9 /* Login.storyboard */,
			);
			name = StoryBoard;
			sourceTree = "<group>";
		};
		D181C5D51E85177500A5D87B /* MealVariation */ = {
			isa = PBXGroup;
			children = (
				D181C5D61E85179200A5D87B /* MealVariationViewController.swift */,
				D181C5D81E85195400A5D87B /* MealVariTableViewCell.swift */,
			);
			name = MealVariation;
			sourceTree = "<group>";
		};
		D181C5DC1E861E6800A5D87B /* CheckOrder */ = {
			isa = PBXGroup;
			children = (
				D181C5DA1E85FE4300A5D87B /* ReorderViewController.swift */,
			);
			name = CheckOrder;
			sourceTree = "<group>";
		};
		D181C5DF1E86BB5C00A5D87B /* CheckOrderDetail */ = {
			isa = PBXGroup;
			children = (
				D181C5E01E86BB7B00A5D87B /* OrderDetailViewController.swift */,
				D181C5E21E86BB9800A5D87B /* OrderDetailTableViewCell.swift */,
				D1A0BE3C1E90BDFA00F4D36B /* PopUpReorderCalendarViewController.swift */,
			);
			name = CheckOrderDetail;
			sourceTree = "<group>";
		};
		D1A0BE271E8A66CE00F4D36B /* shoppingCart */ = {
			isa = PBXGroup;
			children = (
				D1A0BE281E8A66E800F4D36B /* ShoppingCartViewController.swift */,
				D1A0BE2A1E8A684700F4D36B /* ShoppingCartTableViewCell.swift */,
				D1D36CBD1EA3352400F4E01F /* ShoppingCartDetailViewController.swift */,
				D1D36CB91EA2106D00F4E01F /* PriceAccountingTableViewCell.swift */,
				D1D36CBA1EA2106D00F4E01F /* PriceAccountingTableViewCell.xib */,
				D1A0BE321E8CB1AE00F4D36B /* PopoverViewController.swift */,
				D1A0BE361E8FFEC300F4D36B /* DigitINfoViewController.swift */,
			);
			name = shoppingCart;
			sourceTree = "<group>";
		};
		D1A0BE5F1E93950B00F4D36B /* EatTogether */ = {
			isa = PBXGroup;
			children = (
				D1A0BE601E93954300F4D36B /* EatTogetherViewController.swift */,
				D1A0BE621E93E71500F4D36B /* EatTogetherTableViewCell.swift */,
			);
			name = EatTogether;
			sourceTree = "<group>";
		};
		D1E211EC1E8909700006B849 /* SingleOrderPAge */ = {
			isa = PBXGroup;
			children = (
				D1E211ED1E8909920006B849 /* SingleOrderViewController.swift */,
				D1E211EF1E8909AF0006B849 /* SingleOrderTableViewCell.swift */,
			);
			name = SingleOrderPAge;
			sourceTree = "<group>";
		};
		D1F45AB81E9F84C700490B4F /* collectionView */ = {
			isa = PBXGroup;
			children = (
				D1F45AB61E9F806900490B4F /* MainCollectionViewController.swift */,
				D1F45AB91E9F84EC00490B4F /* FirstCollectionViewCell.swift */,
				D1F45ABD1E9F850100490B4F /* SecondCollectionViewCell.swift */,
				D1F45ABA1E9F84EC00490B4F /* FirstCollectionViewCell.xib */,
				D1F45ABE1E9F850100490B4F /* SecondCollectionViewCell.xib */,
			);
			name = collectionView;
			sourceTree = "<group>";
		};
		D1F4FDE01E83708F001233FA /* Calendar */ = {
			isa = PBXGroup;
			children = (
				D1F4FDE31E83710F001233FA /* CellView.swift */,
				D1F4FDE51E837176001233FA /* CalendarViewController.swift */,
				D1F4FDE11E8370AA001233FA /* CellView.xib */,
			);
			name = Calendar;
			sourceTree = "<group>";
		};
/* End PBXGroup section */

/* Begin PBXNativeTarget section */
		D180B9011E7FAFC900AB0DA9 /* MuscleBeach */ = {
			isa = PBXNativeTarget;
			buildConfigurationList = D180B9171E7FAFC900AB0DA9 /* Build configuration list for PBXNativeTarget "MuscleBeach" */;
			buildPhases = (
				75BA47530092238A36EAF0B6 /* [CP] Check Pods Manifest.lock */,
				D180B8FE1E7FAFC900AB0DA9 /* Sources */,
				D180B8FF1E7FAFC900AB0DA9 /* Frameworks */,
				D180B9001E7FAFC900AB0DA9 /* Resources */,
				69EECD20FF7AC2F8757B2B8A /* [CP] Embed Pods Frameworks */,
				A6C3217E3AAC5E9174A10A9B /* [CP] Copy Pods Resources */,
				D1683C1F1E7FB66E00C9D887 /* SwiftLint */,
			);
			buildRules = (
			);
			dependencies = (
			);
			name = MuscleBeach;
			productName = MuscleBeach;
			productReference = D180B9021E7FAFC900AB0DA9 /* MuscleBeach.app */;
			productType = "com.apple.product-type.application";
		};
/* End PBXNativeTarget section */

/* Begin PBXProject section */
		D180B8FA1E7FAFC900AB0DA9 /* Project object */ = {
			isa = PBXProject;
			attributes = {
				LastSwiftUpdateCheck = 0820;
				LastUpgradeCheck = 0820;
				ORGANIZATIONNAME = "my app";
				TargetAttributes = {
					D180B9011E7FAFC900AB0DA9 = {
						CreatedOnToolsVersion = 8.2.1;
						DevelopmentTeam = 73GBZ239BR;
						ProvisioningStyle = Automatic;
						SystemCapabilities = {
							com.apple.Keychain = {
								enabled = 1;
							};
						};
					};
				};
			};
			buildConfigurationList = D180B8FD1E7FAFC900AB0DA9 /* Build configuration list for PBXProject "MuscleBeach" */;
			compatibilityVersion = "Xcode 3.2";
			developmentRegion = English;
			hasScannedForEncodings = 0;
			knownRegions = (
				en,
				Base,
			);
			mainGroup = D180B8F91E7FAFC900AB0DA9;
			productRefGroup = D180B9031E7FAFC900AB0DA9 /* Products */;
			projectDirPath = "";
			projectRoot = "";
			targets = (
				D180B9011E7FAFC900AB0DA9 /* MuscleBeach */,
			);
		};
/* End PBXProject section */

/* Begin PBXResourcesBuildPhase section */
		D180B9001E7FAFC900AB0DA9 /* Resources */ = {
			isa = PBXResourcesBuildPhase;
			buildActionMask = 2147483647;
			files = (
				D1F45AC01E9F850100490B4F /* SecondCollectionViewCell.xib in Resources */,
				D121F67A1E815E1F0049796D /* ProfilePageAddressCell.xib in Resources */,
				D180B9131E7FAFC900AB0DA9 /* LaunchScreen.storyboard in Resources */,
				D1D36CBC1EA2106D00F4E01F /* PriceAccountingTableViewCell.xib in Resources */,
				D180B9101E7FAFC900AB0DA9 /* Assets.xcassets in Resources */,
				D1F45AB11E9F7D0400490B4F /* SecondTableViewCell.xib in Resources */,
				D1F4FDE21E8370AA001233FA /* CellView.xib in Resources */,
				D121F6721E81146C0049796D /* SettingsCell.xib in Resources */,
				D121F67E1E815E350049796D /* ProfilePageAddCell.xib in Resources */,
				D1F45ABC1E9F84EC00490B4F /* FirstCollectionViewCell.xib in Resources */,
				D180B91E1E7FB2F100AB0DA9 /* GoogleService-Info.plist in Resources */,
				D17836441E9E11F900CF8BCA /* MainPageImagesTableViewCell.xib in Resources */,
				D1F45AB51E9F7D1500490B4F /* ThirdTableViewCell.xib in Resources */,
				D121F66E1E8114450049796D /* OrderHistoryCell.xib in Resources */,
				D121F6621E81135F0049796D /* ProfileCell.xib in Resources */,
				D180B90B1E7FAFC900AB0DA9 /* Main.storyboard in Resources */,
				D180B91C1E7FB03A00AB0DA9 /* Login.storyboard in Resources */,
			);
			runOnlyForDeploymentPostprocessing = 0;
		};
/* End PBXResourcesBuildPhase section */

/* Begin PBXShellScriptBuildPhase section */
		69EECD20FF7AC2F8757B2B8A /* [CP] Embed Pods Frameworks */ = {
			isa = PBXShellScriptBuildPhase;
			buildActionMask = 2147483647;
			files = (
			);
			inputPaths = (
			);
			name = "[CP] Embed Pods Frameworks";
			outputPaths = (
			);
			runOnlyForDeploymentPostprocessing = 0;
			shellPath = /bin/sh;
			shellScript = "\"${SRCROOT}/Pods/Target Support Files/Pods-MuscleBeach/Pods-MuscleBeach-frameworks.sh\"\n";
			showEnvVarsInLog = 0;
		};
		75BA47530092238A36EAF0B6 /* [CP] Check Pods Manifest.lock */ = {
			isa = PBXShellScriptBuildPhase;
			buildActionMask = 2147483647;
			files = (
			);
			inputPaths = (
			);
			name = "[CP] Check Pods Manifest.lock";
			outputPaths = (
			);
			runOnlyForDeploymentPostprocessing = 0;
			shellPath = /bin/sh;
			shellScript = "diff \"${PODS_ROOT}/../Podfile.lock\" \"${PODS_ROOT}/Manifest.lock\" > /dev/null\nif [ $? != 0 ] ; then\n    # print error to STDERR\n    echo \"error: The sandbox is not in sync with the Podfile.lock. Run 'pod install' or update your CocoaPods installation.\" >&2\n    exit 1\nfi\n";
			showEnvVarsInLog = 0;
		};
		A6C3217E3AAC5E9174A10A9B /* [CP] Copy Pods Resources */ = {
			isa = PBXShellScriptBuildPhase;
			buildActionMask = 2147483647;
			files = (
			);
			inputPaths = (
			);
			name = "[CP] Copy Pods Resources";
			outputPaths = (
			);
			runOnlyForDeploymentPostprocessing = 0;
			shellPath = /bin/sh;
			shellScript = "\"${SRCROOT}/Pods/Target Support Files/Pods-MuscleBeach/Pods-MuscleBeach-resources.sh\"\n";
			showEnvVarsInLog = 0;
		};
		D1683C1F1E7FB66E00C9D887 /* SwiftLint */ = {
			isa = PBXShellScriptBuildPhase;
			buildActionMask = 2147483647;
			files = (
			);
			inputPaths = (
			);
			name = SwiftLint;
			outputPaths = (
			);
			runOnlyForDeploymentPostprocessing = 0;
			shellPath = /bin/sh;
			shellScript = "if which swiftlint >/dev/null; then\n    swiftlint\nelse\n    echo \"warning: SwiftLint not installed, download from https://github.com/realm/SwiftLint\"\nfi";
		};
/* End PBXShellScriptBuildPhase section */

/* Begin PBXSourcesBuildPhase section */
		D180B8FE1E7FAFC900AB0DA9 /* Sources */ = {
			isa = PBXSourcesBuildPhase;
			buildActionMask = 2147483647;
			files = (
				D1A0BE331E8CB1AE00F4D36B /* PopoverViewController.swift in Sources */,
				D1E211F01E8909B00006B849 /* SingleOrderTableViewCell.swift in Sources */,
				D121F6831E81840C0049796D /* SelfPickUpViewController.swift in Sources */,
				D180B9081E7FAFC900AB0DA9 /* LoginViewController.swift in Sources */,
				D180B90E1E7FAFC900AB0DA9 /* MuscleBeach.xcdatamodeld in Sources */,
				D15704F61E969D9A00F59894 /* ChatRoomViewController.swift in Sources */,
				D180B9061E7FAFC900AB0DA9 /* AppDelegate.swift in Sources */,
				D1E211EB1E88FBEE0006B849 /* ConfirmDeliverAdViewController.swift in Sources */,
				D1683C241E7FCADE00C9D887 /* DataService.swift in Sources */,
				D11A2A371E826C1900D5D6B7 /* PickUpLocationViewController.swift in Sources */,
				D1A0BE291E8A66E800F4D36B /* ShoppingCartViewController.swift in Sources */,
				D1F45ABB1E9F84EC00490B4F /* FirstCollectionViewCell.swift in Sources */,
				D181C5D71E85179200A5D87B /* MealVariationViewController.swift in Sources */,
				D1D36CBB1EA2106D00F4E01F /* PriceAccountingTableViewCell.swift in Sources */,
				D1F4FDE61E837176001233FA /* CalendarViewController.swift in Sources */,
				D1D36CB81EA07F9000F4E01F /* AddressModel.swift in Sources */,
				D121F6711E81146C0049796D /* SettingsCell.swift in Sources */,
				D12672681E9BA8550011AB98 /* UserCell.swift in Sources */,
				D1A0BE611E93954300F4D36B /* EatTogetherViewController.swift in Sources */,
				D1A0BE2B1E8A684700F4D36B /* ShoppingCartTableViewCell.swift in Sources */,
				D1F4FDE41E83710F001233FA /* CellView.swift in Sources */,
				D17836461E9E51AF00CF8BCA /* LoginHandler.swift in Sources */,
				D1A0BE3B1E90B11700F4D36B /* ReorderModel.swift in Sources */,
				D121F67D1E815E350049796D /* ProfilePageAddCell.swift in Sources */,
				D18ACC011E99EB8900B4F714 /* Message.swift in Sources */,
				D181C5E31E86BB9800A5D87B /* OrderDetailTableViewCell.swift in Sources */,
				D1A0BE3D1E90BDFA00F4D36B /* PopUpReorderCalendarViewController.swift in Sources */,
				D1F45ABF1E9F850100490B4F /* SecondCollectionViewCell.swift in Sources */,
				D121F66D1E8114450049796D /* OrderHistoryCell.swift in Sources */,
				D1D36CBE1EA3352400F4E01F /* ShoppingCartDetailViewController.swift in Sources */,
				D121F6741E8122D80049796D /* ProfileViewController.swift in Sources */,
				D1A0BE351E8FD63C00F4D36B /* NewOrderTest.swift in Sources */,
				D178363F1E9CBB4800CF8BCA /* ParentViewController.swift in Sources */,
				D121F6791E815E1F0049796D /* ProfilePageAddressCell.swift in Sources */,
				D1E211F21E891BE60006B849 /* WeekMenuSelectionViewController.swift in Sources */,
				D1683C2B1E8024C500C9D887 /* MainPageViewController.swift in Sources */,
				D121F6611E81135F0049796D /* ProfileCell.swift in Sources */,
				D1A0BE2D1E8B954500F4D36B /* OrderModel.swift in Sources */,
				D1F45AB01E9F7D0400490B4F /* SecondTableViewCell.swift in Sources */,
				D1F45AB71E9F806900490B4F /* MainCollectionViewController.swift in Sources */,
				D1A0BE651E93E7C100F4D36B /* EatTogetherModel.swift in Sources */,
				D126726A1E9BA8650011AB98 /* User.swift in Sources */,
				D1A0BE371E8FFEC300F4D36B /* DigitINfoViewController.swift in Sources */,
				D17836431E9E11F900CF8BCA /* MainPageImagesTableViewCell.swift in Sources */,
				D181C5DB1E85FE4300A5D87B /* ReorderViewController.swift in Sources */,
				D18ACC031E99ED6500B4F714 /* ChatMessageCell.swift in Sources */,
				D1683C281E7FD1FD00C9D887 /* SignUpViewController.swift in Sources */,
				D1A0BE631E93E71500F4D36B /* EatTogetherTableViewCell.swift in Sources */,
				D1E211EE1E8909920006B849 /* SingleOrderViewController.swift in Sources */,
				D181C5E11E86BB7B00A5D87B /* OrderDetailViewController.swift in Sources */,
				D1F45A741E9F1CD300490B4F /* Extensions.swift in Sources */,
				D121F65E1E8103AE0049796D /* SideMenuTableViewController.swift in Sources */,
				D15704F91E969F6D00F59894 /* ChatListTableViewController.swift in Sources */,
				D1F45AB41E9F7D1500490B4F /* ThirdTableViewCell.swift in Sources */,
				D181C5D91E85195400A5D87B /* MealVariTableViewCell.swift in Sources */,
				D121F6851E8185350049796D /* SelfPickUpTableViewCell.swift in Sources */,
			);
			runOnlyForDeploymentPostprocessing = 0;
		};
/* End PBXSourcesBuildPhase section */

/* Begin PBXVariantGroup section */
		D180B9091E7FAFC900AB0DA9 /* Main.storyboard */ = {
			isa = PBXVariantGroup;
			children = (
				D180B90A1E7FAFC900AB0DA9 /* Base */,
			);
			name = Main.storyboard;
			sourceTree = "<group>";
		};
		D180B9111E7FAFC900AB0DA9 /* LaunchScreen.storyboard */ = {
			isa = PBXVariantGroup;
			children = (
				D180B9121E7FAFC900AB0DA9 /* Base */,
			);
			name = LaunchScreen.storyboard;
			sourceTree = "<group>";
		};
/* End PBXVariantGroup section */

/* Begin XCBuildConfiguration section */
		D180B9151E7FAFC900AB0DA9 /* Debug */ = {
			isa = XCBuildConfiguration;
			buildSettings = {
				ALWAYS_SEARCH_USER_PATHS = NO;
				CLANG_ANALYZER_NONNULL = YES;
				CLANG_CXX_LANGUAGE_STANDARD = "gnu++0x";
				CLANG_CXX_LIBRARY = "libc++";
				CLANG_ENABLE_MODULES = YES;
				CLANG_ENABLE_OBJC_ARC = YES;
				CLANG_WARN_BOOL_CONVERSION = YES;
				CLANG_WARN_CONSTANT_CONVERSION = YES;
				CLANG_WARN_DIRECT_OBJC_ISA_USAGE = YES_ERROR;
				CLANG_WARN_DOCUMENTATION_COMMENTS = YES;
				CLANG_WARN_EMPTY_BODY = YES;
				CLANG_WARN_ENUM_CONVERSION = YES;
				CLANG_WARN_INFINITE_RECURSION = YES;
				CLANG_WARN_INT_CONVERSION = YES;
				CLANG_WARN_OBJC_ROOT_CLASS = YES_ERROR;
				CLANG_WARN_SUSPICIOUS_MOVE = YES;
				CLANG_WARN_UNREACHABLE_CODE = YES;
				CLANG_WARN__DUPLICATE_METHOD_MATCH = YES;
				"CODE_SIGN_IDENTITY[sdk=iphoneos*]" = "iPhone Developer";
				COPY_PHASE_STRIP = NO;
				DEBUG_INFORMATION_FORMAT = dwarf;
				ENABLE_STRICT_OBJC_MSGSEND = YES;
				ENABLE_TESTABILITY = YES;
				GCC_C_LANGUAGE_STANDARD = gnu99;
				GCC_DYNAMIC_NO_PIC = NO;
				GCC_NO_COMMON_BLOCKS = YES;
				GCC_OPTIMIZATION_LEVEL = 0;
				GCC_PREPROCESSOR_DEFINITIONS = (
					"DEBUG=1",
					"$(inherited)",
				);
				GCC_WARN_64_TO_32_BIT_CONVERSION = YES;
				GCC_WARN_ABOUT_RETURN_TYPE = YES_ERROR;
				GCC_WARN_UNDECLARED_SELECTOR = YES;
				GCC_WARN_UNINITIALIZED_AUTOS = YES_AGGRESSIVE;
				GCC_WARN_UNUSED_FUNCTION = YES;
				GCC_WARN_UNUSED_VARIABLE = YES;
				IPHONEOS_DEPLOYMENT_TARGET = 10.2;
				MTL_ENABLE_DEBUG_INFO = YES;
				ONLY_ACTIVE_ARCH = YES;
				SDKROOT = iphoneos;
				SWIFT_ACTIVE_COMPILATION_CONDITIONS = DEBUG;
				SWIFT_OPTIMIZATION_LEVEL = "-Onone";
			};
			name = Debug;
		};
		D180B9161E7FAFC900AB0DA9 /* Release */ = {
			isa = XCBuildConfiguration;
			buildSettings = {
				ALWAYS_SEARCH_USER_PATHS = NO;
				CLANG_ANALYZER_NONNULL = YES;
				CLANG_CXX_LANGUAGE_STANDARD = "gnu++0x";
				CLANG_CXX_LIBRARY = "libc++";
				CLANG_ENABLE_MODULES = YES;
				CLANG_ENABLE_OBJC_ARC = YES;
				CLANG_WARN_BOOL_CONVERSION = YES;
				CLANG_WARN_CONSTANT_CONVERSION = YES;
				CLANG_WARN_DIRECT_OBJC_ISA_USAGE = YES_ERROR;
				CLANG_WARN_DOCUMENTATION_COMMENTS = YES;
				CLANG_WARN_EMPTY_BODY = YES;
				CLANG_WARN_ENUM_CONVERSION = YES;
				CLANG_WARN_INFINITE_RECURSION = YES;
				CLANG_WARN_INT_CONVERSION = YES;
				CLANG_WARN_OBJC_ROOT_CLASS = YES_ERROR;
				CLANG_WARN_SUSPICIOUS_MOVE = YES;
				CLANG_WARN_UNREACHABLE_CODE = YES;
				CLANG_WARN__DUPLICATE_METHOD_MATCH = YES;
				"CODE_SIGN_IDENTITY[sdk=iphoneos*]" = "iPhone Developer";
				COPY_PHASE_STRIP = NO;
				DEBUG_INFORMATION_FORMAT = "dwarf-with-dsym";
				ENABLE_NS_ASSERTIONS = NO;
				ENABLE_STRICT_OBJC_MSGSEND = YES;
				GCC_C_LANGUAGE_STANDARD = gnu99;
				GCC_NO_COMMON_BLOCKS = YES;
				GCC_WARN_64_TO_32_BIT_CONVERSION = YES;
				GCC_WARN_ABOUT_RETURN_TYPE = YES_ERROR;
				GCC_WARN_UNDECLARED_SELECTOR = YES;
				GCC_WARN_UNINITIALIZED_AUTOS = YES_AGGRESSIVE;
				GCC_WARN_UNUSED_FUNCTION = YES;
				GCC_WARN_UNUSED_VARIABLE = YES;
				IPHONEOS_DEPLOYMENT_TARGET = 10.2;
				MTL_ENABLE_DEBUG_INFO = NO;
				SDKROOT = iphoneos;
				SWIFT_OPTIMIZATION_LEVEL = "-Owholemodule";
				VALIDATE_PRODUCT = YES;
			};
			name = Release;
		};
		D180B9181E7FAFC900AB0DA9 /* Debug */ = {
			isa = XCBuildConfiguration;
			baseConfigurationReference = 452A96E7E9CB468151246D7E /* Pods-MuscleBeach.debug.xcconfig */;
			buildSettings = {
				ASSETCATALOG_COMPILER_APPICON_NAME = AppIcon;
				CODE_SIGN_ENTITLEMENTS = MuscleBeach/MuscleBeach.entitlements;
				DEVELOPMENT_TEAM = 73GBZ239BR;
				INFOPLIST_FILE = MuscleBeach/Info.plist;
				LD_RUNPATH_SEARCH_PATHS = "$(inherited) @executable_path/Frameworks";
				PRODUCT_BUNDLE_IDENTIFIER = "my-app.MuscleBeach";
				PRODUCT_NAME = "$(TARGET_NAME)";
				SWIFT_VERSION = 3.0;
			};
			name = Debug;
		};
		D180B9191E7FAFC900AB0DA9 /* Release */ = {
			isa = XCBuildConfiguration;
			baseConfigurationReference = 053EDA45175F6F6844BC8E30 /* Pods-MuscleBeach.release.xcconfig */;
			buildSettings = {
				ASSETCATALOG_COMPILER_APPICON_NAME = AppIcon;
				CODE_SIGN_ENTITLEMENTS = MuscleBeach/MuscleBeach.entitlements;
				DEVELOPMENT_TEAM = 73GBZ239BR;
				INFOPLIST_FILE = MuscleBeach/Info.plist;
				LD_RUNPATH_SEARCH_PATHS = "$(inherited) @executable_path/Frameworks";
				PRODUCT_BUNDLE_IDENTIFIER = "my-app.MuscleBeach";
				PRODUCT_NAME = "$(TARGET_NAME)";
				SWIFT_VERSION = 3.0;
			};
			name = Release;
		};
/* End XCBuildConfiguration section */

/* Begin XCConfigurationList section */
		D180B8FD1E7FAFC900AB0DA9 /* Build configuration list for PBXProject "MuscleBeach" */ = {
			isa = XCConfigurationList;
			buildConfigurations = (
				D180B9151E7FAFC900AB0DA9 /* Debug */,
				D180B9161E7FAFC900AB0DA9 /* Release */,
			);
			defaultConfigurationIsVisible = 0;
			defaultConfigurationName = Release;
		};
		D180B9171E7FAFC900AB0DA9 /* Build configuration list for PBXNativeTarget "MuscleBeach" */ = {
			isa = XCConfigurationList;
			buildConfigurations = (
				D180B9181E7FAFC900AB0DA9 /* Debug */,
				D180B9191E7FAFC900AB0DA9 /* Release */,
			);
			defaultConfigurationIsVisible = 0;
			defaultConfigurationName = Release;
		};
/* End XCConfigurationList section */

/* Begin XCVersionGroup section */
		D180B90C1E7FAFC900AB0DA9 /* MuscleBeach.xcdatamodeld */ = {
			isa = XCVersionGroup;
			children = (
				D180B90D1E7FAFC900AB0DA9 /* MuscleBeach.xcdatamodel */,
			);
			currentVersion = D180B90D1E7FAFC900AB0DA9 /* MuscleBeach.xcdatamodel */;
			path = MuscleBeach.xcdatamodeld;
			sourceTree = "<group>";
			versionGroupType = wrapper.xcdatamodel;
		};
/* End XCVersionGroup section */
	};
	rootObject = D180B8FA1E7FAFC900AB0DA9 /* Project object */;
}
